// !$*UTF8*$!
{
	archiveVersion = 1;
	classes = {
	};
	objectVersion = 46;
	objects = {

/* Begin PBXBuildFile section */
		96FC258F18E569630074BA08 /* Foundation.framework in Frameworks */ = {isa = PBXBuildFile; fileRef = 96FC258E18E569630074BA08 /* Foundation.framework */; };
		96FC259118E569630074BA08 /* CoreGraphics.framework in Frameworks */ = {isa = PBXBuildFile; fileRef = 96FC259018E569630074BA08 /* CoreGraphics.framework */; };
		96FC259318E569630074BA08 /* UIKit.framework in Frameworks */ = {isa = PBXBuildFile; fileRef = 96FC259218E569630074BA08 /* UIKit.framework */; };
		96FC259918E569630074BA08 /* InfoPlist.strings in Resources */ = {isa = PBXBuildFile; fileRef = 96FC259718E569630074BA08 /* InfoPlist.strings */; };
		96FC259B18E569630074BA08 /* main.m in Sources */ = {isa = PBXBuildFile; fileRef = 96FC259A18E569630074BA08 /* main.m */; };
		96FC259F18E569630074BA08 /* AppDelegate.m in Sources */ = {isa = PBXBuildFile; fileRef = 96FC259E18E569630074BA08 /* AppDelegate.m */; };
		96FC25A218E569630074BA08 /* Main.storyboard in Resources */ = {isa = PBXBuildFile; fileRef = 96FC25A018E569630074BA08 /* Main.storyboard */; };
		96FC25A518E569630074BA08 /* MasterViewController.m in Sources */ = {isa = PBXBuildFile; fileRef = 96FC25A418E569630074BA08 /* MasterViewController.m */; };
		96FC25A818E569630074BA08 /* DetailViewController.m in Sources */ = {isa = PBXBuildFile; fileRef = 96FC25A718E569630074BA08 /* DetailViewController.m */; };
		96FC25AA18E569630074BA08 /* Images.xcassets in Resources */ = {isa = PBXBuildFile; fileRef = 96FC25A918E569630074BA08 /* Images.xcassets */; };
		96FC25B118E569630074BA08 /* XCTest.framework in Frameworks */ = {isa = PBXBuildFile; fileRef = 96FC25B018E569630074BA08 /* XCTest.framework */; };
		96FC25B218E569630074BA08 /* Foundation.framework in Frameworks */ = {isa = PBXBuildFile; fileRef = 96FC258E18E569630074BA08 /* Foundation.framework */; };
		96FC25B318E569630074BA08 /* UIKit.framework in Frameworks */ = {isa = PBXBuildFile; fileRef = 96FC259218E569630074BA08 /* UIKit.framework */; };
		96FC25BB18E569630074BA08 /* InfoPlist.strings in Resources */ = {isa = PBXBuildFile; fileRef = 96FC25B918E569630074BA08 /* InfoPlist.strings */; };
		96FC25BD18E569640074BA08 /* NewsFeedTests.m in Sources */ = {isa = PBXBuildFile; fileRef = 96FC25BC18E569630074BA08 /* NewsFeedTests.m */; };
/* End PBXBuildFile section */

/* Begin PBXContainerItemProxy section */
		96FC25B418E569630074BA08 /* PBXContainerItemProxy */ = {
			isa = PBXContainerItemProxy;
			containerPortal = 96FC258318E569630074BA08 /* Project object */;
			proxyType = 1;
			remoteGlobalIDString = 96FC258A18E569630074BA08;
			remoteInfo = NewsFeed;
		};
/* End PBXContainerItemProxy section */

/* Begin PBXFileReference section */
		96FC258B18E569630074BA08 /* NewsFeed.app */ = {isa = PBXFileReference; explicitFileType = wrapper.application; includeInIndex = 0; path = NewsFeed.app; sourceTree = BUILT_PRODUCTS_DIR; };
		96FC258E18E569630074BA08 /* Foundation.framework */ = {isa = PBXFileReference; lastKnownFileType = wrapper.framework; name = Foundation.framework; path = System/Library/Frameworks/Foundation.framework; sourceTree = SDKROOT; };
		96FC259018E569630074BA08 /* CoreGraphics.framework */ = {isa = PBXFileReference; lastKnownFileType = wrapper.framework; name = CoreGraphics.framework; path = System/Library/Frameworks/CoreGraphics.framework; sourceTree = SDKROOT; };
		96FC259218E569630074BA08 /* UIKit.framework */ = {isa = PBXFileReference; lastKnownFileType = wrapper.framework; name = UIKit.framework; path = System/Library/Frameworks/UIKit.framework; sourceTree = SDKROOT; };
		96FC259618E569630074BA08 /* NewsFeed-Info.plist */ = {isa = PBXFileReference; lastKnownFileType = text.plist.xml; path = "NewsFeed-Info.plist"; sourceTree = "<group>"; };
		96FC259818E569630074BA08 /* en */ = {isa = PBXFileReference; lastKnownFileType = text.plist.strings; name = en; path = en.lproj/InfoPlist.strings; sourceTree = "<group>"; };
		96FC259A18E569630074BA08 /* main.m */ = {isa = PBXFileReference; lastKnownFileType = sourcecode.c.objc; path = main.m; sourceTree = "<group>"; };
		96FC259C18E569630074BA08 /* NewsFeed-Prefix.pch */ = {isa = PBXFileReference; lastKnownFileType = sourcecode.c.h; path = "NewsFeed-Prefix.pch"; sourceTree = "<group>"; };
		96FC259D18E569630074BA08 /* AppDelegate.h */ = {isa = PBXFileReference; lastKnownFileType = sourcecode.c.h; path = AppDelegate.h; sourceTree = "<group>"; };
		96FC259E18E569630074BA08 /* AppDelegate.m */ = {isa = PBXFileReference; lastKnownFileType = sourcecode.c.objc; path = AppDelegate.m; sourceTree = "<group>"; };
		96FC25A118E569630074BA08 /* Base */ = {isa = PBXFileReference; lastKnownFileType = file.storyboard; name = Base; path = Base.lproj/Main.storyboard; sourceTree = "<group>"; };
		96FC25A318E569630074BA08 /* MasterViewController.h */ = {isa = PBXFileReference; lastKnownFileType = sourcecode.c.h; path = MasterViewController.h; sourceTree = "<group>"; };
		96FC25A418E569630074BA08 /* MasterViewController.m */ = {isa = PBXFileReference; lastKnownFileType = sourcecode.c.objc; path = MasterViewController.m; sourceTree = "<group>"; };
		96FC25A618E569630074BA08 /* DetailViewController.h */ = {isa = PBXFileReference; lastKnownFileType = sourcecode.c.h; path = DetailViewController.h; sourceTree = "<group>"; };
		96FC25A718E569630074BA08 /* DetailViewController.m */ = {isa = PBXFileReference; lastKnownFileType = sourcecode.c.objc; path = DetailViewController.m; sourceTree = "<group>"; };
		96FC25A918E569630074BA08 /* Images.xcassets */ = {isa = PBXFileReference; lastKnownFileType = folder.assetcatalog; path = Images.xcassets; sourceTree = "<group>"; };
		96FC25AF18E569630074BA08 /* NewsFeedTests.xctest */ = {isa = PBXFileReference; explicitFileType = wrapper.cfbundle; includeInIndex = 0; path = NewsFeedTests.xctest; sourceTree = BUILT_PRODUCTS_DIR; };
		96FC25B018E569630074BA08 /* XCTest.framework */ = {isa = PBXFileReference; lastKnownFileType = wrapper.framework; name = XCTest.framework; path = Library/Frameworks/XCTest.framework; sourceTree = DEVELOPER_DIR; };
		96FC25B818E569630074BA08 /* NewsFeedTests-Info.plist */ = {isa = PBXFileReference; lastKnownFileType = text.plist.xml; path = "NewsFeedTests-Info.plist"; sourceTree = "<group>"; };
		96FC25BA18E569630074BA08 /* en */ = {isa = PBXFileReference; lastKnownFileType = text.plist.strings; name = en; path = en.lproj/InfoPlist.strings; sourceTree = "<group>"; };
		96FC25BC18E569630074BA08 /* NewsFeedTests.m */ = {isa = PBXFileReference; lastKnownFileType = sourcecode.c.objc; path = NewsFeedTests.m; sourceTree = "<group>"; };
/* End PBXFileReference section */

/* Begin PBXFrameworksBuildPhase section */
		96FC258818E569630074BA08 /* Frameworks */ = {
			isa = PBXFrameworksBuildPhase;
			buildActionMask = 2147483647;
			files = (
				96FC259118E569630074BA08 /* CoreGraphics.framework in Frameworks */,
				96FC259318E569630074BA08 /* UIKit.framework in Frameworks */,
				96FC258F18E569630074BA08 /* Foundation.framework in Frameworks */,
			);
			runOnlyForDeploymentPostprocessing = 0;
		};
		96FC25AC18E569630074BA08 /* Frameworks */ = {
			isa = PBXFrameworksBuildPhase;
			buildActionMask = 2147483647;
			files = (
				96FC25B118E569630074BA08 /* XCTest.framework in Frameworks */,
				96FC25B318E569630074BA08 /* UIKit.framework in Frameworks */,
				96FC25B218E569630074BA08 /* Foundation.framework in Frameworks */,
			);
			runOnlyForDeploymentPostprocessing = 0;
		};
/* End PBXFrameworksBuildPhase section */

/* Begin PBXGroup section */
		96FC258218E569630074BA08 = {
			isa = PBXGroup;
			children = (
				96FC259418E569630074BA08 /* NewsFeed */,
				96FC25B618E569630074BA08 /* NewsFeedTests */,
				96FC258D18E569630074BA08 /* Frameworks */,
				96FC258C18E569630074BA08 /* Products */,
			);
			sourceTree = "<group>";
		};
		96FC258C18E569630074BA08 /* Products */ = {
			isa = PBXGroup;
			children = (
				96FC258B18E569630074BA08 /* NewsFeed.app */,
				96FC25AF18E569630074BA08 /* NewsFeedTests.xctest */,
			);
			name = Products;
			sourceTree = "<group>";
		};
		96FC258D18E569630074BA08 /* Frameworks */ = {
			isa = PBXGroup;
			children = (
				96FC258E18E569630074BA08 /* Foundation.framework */,
				96FC259018E569630074BA08 /* CoreGraphics.framework */,
				96FC259218E569630074BA08 /* UIKit.framework */,
				96FC25B018E569630074BA08 /* XCTest.framework */,
			);
			name = Frameworks;
			sourceTree = "<group>";
		};
		96FC259418E569630074BA08 /* NewsFeed */ = {
			isa = PBXGroup;
			children = (
				96FC259D18E569630074BA08 /* AppDelegate.h */,
				96FC259E18E569630074BA08 /* AppDelegate.m */,
				96FC25A018E569630074BA08 /* Main.storyboard */,
				96FC25A318E569630074BA08 /* MasterViewController.h */,
				96FC25A418E569630074BA08 /* MasterViewController.m */,
				96FC25A618E569630074BA08 /* DetailViewController.h */,
				96FC25A718E569630074BA08 /* DetailViewController.m */,
				96FC25A918E569630074BA08 /* Images.xcassets */,
				96FC259518E569630074BA08 /* Supporting Files */,
			);
			path = NewsFeed;
			sourceTree = "<group>";
		};
		96FC259518E569630074BA08 /* Supporting Files */ = {
			isa = PBXGroup;
			children = (
				96FC259618E569630074BA08 /* NewsFeed-Info.plist */,
				96FC259718E569630074BA08 /* InfoPlist.strings */,
				96FC259A18E569630074BA08 /* main.m */,
				96FC259C18E569630074BA08 /* NewsFeed-Prefix.pch */,
			);
			name = "Supporting Files";
			sourceTree = "<group>";
		};
		96FC25B618E569630074BA08 /* NewsFeedTests */ = {
			isa = PBXGroup;
			children = (
				96FC25BC18E569630074BA08 /* NewsFeedTests.m */,
				96FC25B718E569630074BA08 /* Supporting Files */,
			);
			path = NewsFeedTests;
			sourceTree = "<group>";
		};
		96FC25B718E569630074BA08 /* Supporting Files */ = {
			isa = PBXGroup;
			children = (
				96FC25B818E569630074BA08 /* NewsFeedTests-Info.plist */,
				96FC25B918E569630074BA08 /* InfoPlist.strings */,
			);
			name = "Supporting Files";
			sourceTree = "<group>";
		};
/* End PBXGroup section */

/* Begin PBXNativeTarget section */
		96FC258A18E569630074BA08 /* NewsFeed */ = {
			isa = PBXNativeTarget;
			buildConfigurationList = 96FC25C018E569640074BA08 /* Build configuration list for PBXNativeTarget "NewsFeed" */;
			buildPhases = (
				96FC258718E569630074BA08 /* Sources */,
				96FC258818E569630074BA08 /* Frameworks */,
				96FC258918E569630074BA08 /* Resources */,
			);
			buildRules = (
			);
			dependencies = (
			);
			name = NewsFeed;
			productName = NewsFeed;
			productReference = 96FC258B18E569630074BA08 /* NewsFeed.app */;
			productType = "com.apple.product-type.application";
		};
		96FC25AE18E569630074BA08 /* NewsFeedTests */ = {
			isa = PBXNativeTarget;
			buildConfigurationList = 96FC25C318E569640074BA08 /* Build configuration list for PBXNativeTarget "NewsFeedTests" */;
			buildPhases = (
				96FC25AB18E569630074BA08 /* Sources */,
				96FC25AC18E569630074BA08 /* Frameworks */,
				96FC25AD18E569630074BA08 /* Resources */,
			);
			buildRules = (
			);
			dependencies = (
				96FC25B518E569630074BA08 /* PBXTargetDependency */,
			);
			name = NewsFeedTests;
			productName = NewsFeedTests;
			productReference = 96FC25AF18E569630074BA08 /* NewsFeedTests.xctest */;
			productType = "com.apple.product-type.bundle.unit-test";
		};
/* End PBXNativeTarget section */

/* Begin PBXProject section */
		96FC258318E569630074BA08 /* Project object */ = {
			isa = PBXProject;
			attributes = {
				LastUpgradeCheck = 0510;
				ORGANIZATIONNAME = Gobelins;
				TargetAttributes = {
					96FC25AE18E569630074BA08 = {
						TestTargetID = 96FC258A18E569630074BA08;
					};
				};
			};
			buildConfigurationList = 96FC258618E569630074BA08 /* Build configuration list for PBXProject "NewsFeed" */;
			compatibilityVersion = "Xcode 3.2";
			developmentRegion = English;
			hasScannedForEncodings = 0;
			knownRegions = (
				en,
				Base,
			);
			mainGroup = 96FC258218E569630074BA08;
			productRefGroup = 96FC258C18E569630074BA08 /* Products */;
			projectDirPath = "";
			projectRoot = "";
			targets = (
				96FC258A18E569630074BA08 /* NewsFeed */,
				96FC25AE18E569630074BA08 /* NewsFeedTests */,
			);
		};
/* End PBXProject section */

/* Begin PBXResourcesBuildPhase section */
		96FC258918E569630074BA08 /* Resources */ = {
			isa = PBXResourcesBuildPhase;
			buildActionMask = 2147483647;
			files = (
				96FC25AA18E569630074BA08 /* Images.xcassets in Resources */,
				96FC259918E569630074BA08 /* InfoPlist.strings in Resources */,
				96FC25A218E569630074BA08 /* Main.storyboard in Resources */,
			);
			runOnlyForDeploymentPostprocessing = 0;
		};
		96FC25AD18E569630074BA08 /* Resources */ = {
			isa = PBXResourcesBuildPhase;
			buildActionMask = 2147483647;
			files = (
				96FC25BB18E569630074BA08 /* InfoPlist.strings in Resources */,
			);
			runOnlyForDeploymentPostprocessing = 0;
		};
/* End PBXResourcesBuildPhase section */

/* Begin PBXSourcesBuildPhase section */
		96FC258718E569630074BA08 /* Sources */ = {
			isa = PBXSourcesBuildPhase;
			buildActionMask = 2147483647;
			files = (
				96FC259F18E569630074BA08 /* AppDelegate.m in Sources */,
				96FC25A518E569630074BA08 /* MasterViewController.m in Sources */,
				96FC259B18E569630074BA08 /* main.m in Sources */,
				96FC25A818E569630074BA08 /* DetailViewController.m in Sources */,
			);
			runOnlyForDeploymentPostprocessing = 0;
		};
		96FC25AB18E569630074BA08 /* Sources */ = {
			isa = PBXSourcesBuildPhase;
			buildActionMask = 2147483647;
			files = (
				96FC25BD18E569640074BA08 /* NewsFeedTests.m in Sources */,
			);
			runOnlyForDeploymentPostprocessing = 0;
		};
/* End PBXSourcesBuildPhase section */

/* Begin PBXTargetDependency section */
		96FC25B518E569630074BA08 /* PBXTargetDependency */ = {
			isa = PBXTargetDependency;
			target = 96FC258A18E569630074BA08 /* NewsFeed */;
			targetProxy = 96FC25B418E569630074BA08 /* PBXContainerItemProxy */;
		};
/* End PBXTargetDependency section */

/* Begin PBXVariantGroup section */
		96FC259718E569630074BA08 /* InfoPlist.strings */ = {
			isa = PBXVariantGroup;
			children = (
				96FC259818E569630074BA08 /* en */,
			);
			name = InfoPlist.strings;
			sourceTree = "<group>";
		};
		96FC25A018E569630074BA08 /* Main.storyboard */ = {
			isa = PBXVariantGroup;
			children = (
				96FC25A118E569630074BA08 /* Base */,
			);
			name = Main.storyboard;
			sourceTree = "<group>";
		};
		96FC25B918E569630074BA08 /* InfoPlist.strings */ = {
			isa = PBXVariantGroup;
			children = (
				96FC25BA18E569630074BA08 /* en */,
			);
			name = InfoPlist.strings;
			sourceTree = "<group>";
		};
/* End PBXVariantGroup section */

/* Begin XCBuildConfiguration section */
		96FC25BE18E569640074BA08 /* Debug */ = {
			isa = XCBuildConfiguration;
			buildSettings = {
				ALWAYS_SEARCH_USER_PATHS = NO;
				CLANG_CXX_LANGUAGE_STANDARD = "gnu++0x";
				CLANG_CXX_LIBRARY = "libc++";
				CLANG_ENABLE_MODULES = YES;
				CLANG_ENABLE_OBJC_ARC = YES;
				CLANG_WARN_BOOL_CONVERSION = YES;
				CLANG_WARN_CONSTANT_CONVERSION = YES;
				CLANG_WARN_DIRECT_OBJC_ISA_USAGE = YES_ERROR;
				CLANG_WARN_EMPTY_BODY = YES;
				CLANG_WARN_ENUM_CONVERSION = YES;
				CLANG_WARN_INT_CONVERSION = YES;
				CLANG_WARN_OBJC_ROOT_CLASS = YES_ERROR;
				CLANG_WARN__DUPLICATE_METHOD_MATCH = YES;
				"CODE_SIGN_IDENTITY[sdk=iphoneos*]" = "iPhone Developer";
				COPY_PHASE_STRIP = NO;
				GCC_C_LANGUAGE_STANDARD = gnu99;
				GCC_DYNAMIC_NO_PIC = NO;
				GCC_OPTIMIZATION_LEVEL = 0;
				GCC_PREPROCESSOR_DEFINITIONS = (
					"DEBUG=1",
					"$(inherited)",
				);
				GCC_SYMBOLS_PRIVATE_EXTERN = NO;
				GCC_WARN_64_TO_32_BIT_CONVERSION = YES;
				GCC_WARN_ABOUT_RETURN_TYPE = YES_ERROR;
				GCC_WARN_UNDECLARED_SELECTOR = YES;
				GCC_WARN_UNINITIALIZED_AUTOS = YES_AGGRESSIVE;
				GCC_WARN_UNUSED_FUNCTION = YES;
				GCC_WARN_UNUSED_VARIABLE = YES;
				IPHONEOS_DEPLOYMENT_TARGET = 7.1;
				ONLY_ACTIVE_ARCH = YES;
				SDKROOT = iphoneos;
				TARGETED_DEVICE_FAMILY = 2;
			};
			name = Debug;
		};
		96FC25BF18E569640074BA08 /* Release */ = {
			isa = XCBuildConfiguration;
			buildSettings = {
				ALWAYS_SEARCH_USER_PATHS = NO;
				CLANG_CXX_LANGUAGE_STANDARD = "gnu++0x";
				CLANG_CXX_LIBRARY = "libc++";
				CLANG_ENABLE_MODULES = YES;
				CLANG_ENABLE_OBJC_ARC = YES;
				CLANG_WARN_BOOL_CONVERSION = YES;
				CLANG_WARN_CONSTANT_CONVERSION = YES;
				CLANG_WARN_DIRECT_OBJC_ISA_USAGE = YES_ERROR;
				CLANG_WARN_EMPTY_BODY = YES;
				CLANG_WARN_ENUM_CONVERSION = YES;
				CLANG_WARN_INT_CONVERSION = YES;
				CLANG_WARN_OBJC_ROOT_CLASS = YES_ERROR;
				CLANG_WARN__DUPLICATE_METHOD_MATCH = YES;
				"CODE_SIGN_IDENTITY[sdk=iphoneos*]" = "iPhone Developer";
				COPY_PHASE_STRIP = YES;
				ENABLE_NS_ASSERTIONS = NO;
				GCC_C_LANGUAGE_STANDARD = gnu99;
				GCC_WARN_64_TO_32_BIT_CONVERSION = YES;
				GCC_WARN_ABOUT_RETURN_TYPE = YES_ERROR;
				GCC_WARN_UNDECLARED_SELECTOR = YES;
				GCC_WARN_UNINITIALIZED_AUTOS = YES_AGGRESSIVE;
				GCC_WARN_UNUSED_FUNCTION = YES;
				GCC_WARN_UNUSED_VARIABLE = YES;
				IPHONEOS_DEPLOYMENT_TARGET = 7.1;
				SDKROOT = iphoneos;
				TARGETED_DEVICE_FAMILY = 2;
				VALIDATE_PRODUCT = YES;
			};
			name = Release;
		};
		96FC25C118E569640074BA08 /* Debug */ = {
			isa = XCBuildConfiguration;
			buildSettings = {
				ASSETCATALOG_COMPILER_APPICON_NAME = AppIcon;
				ASSETCATALOG_COMPILER_LAUNCHIMAGE_NAME = LaunchImage;
				GCC_PRECOMPILE_PREFIX_HEADER = YES;
				GCC_PREFIX_HEADER = "NewsFeed/NewsFeed-Prefix.pch";
				INFOPLIST_FILE = "NewsFeed/NewsFeed-Info.plist";
				PRODUCT_NAME = "$(TARGET_NAME)";
				WRAPPER_EXTENSION = app;
			};
			name = Debug;
		};
		96FC25C218E569640074BA08 /* Release */ = {
			isa = XCBuildConfiguration;
			buildSettings = {
				ASSETCATALOG_COMPILER_APPICON_NAME = AppIcon;
				ASSETCATALOG_COMPILER_LAUNCHIMAGE_NAME = LaunchImage;
				GCC_PRECOMPILE_PREFIX_HEADER = YES;
				GCC_PREFIX_HEADER = "NewsFeed/NewsFeed-Prefix.pch";
				INFOPLIST_FILE = "NewsFeed/NewsFeed-Info.plist";
				PRODUCT_NAME = "$(TARGET_NAME)";
				WRAPPER_EXTENSION = app;
			};
			name = Release;
		};
		96FC25C418E569640074BA08 /* Debug */ = {
			isa = XCBuildConfiguration;
			buildSettings = {
				BUNDLE_LOADER = "$(BUILT_PRODUCTS_DIR)/NewsFeed.app/NewsFeed";
				FRAMEWORK_SEARCH_PATHS = (
					"$(SDKROOT)/Developer/Library/Frameworks",
					"$(inherited)",
					"$(DEVELOPER_FRAMEWORKS_DIR)",
				);
				GCC_PRECOMPILE_PREFIX_HEADER = YES;
				GCC_PREFIX_HEADER = "NewsFeed/NewsFeed-Prefix.pch";
				GCC_PREPROCESSOR_DEFINITIONS = (
					"DEBUG=1",
					"$(inherited)",
				);
				INFOPLIST_FILE = "NewsFeedTests/NewsFeedTests-Info.plist";
				PRODUCT_NAME = "$(TARGET_NAME)";
				TEST_HOST = "$(BUNDLE_LOADER)";
				WRAPPER_EXTENSION = xctest;
			};
			name = Debug;
		};
		96FC25C518E569640074BA08 /* Release */ = {
			isa = XCBuildConfiguration;
			buildSettings = {
				BUNDLE_LOADER = "$(BUILT_PRODUCTS_DIR)/NewsFeed.app/NewsFeed";
				FRAMEWORK_SEARCH_PATHS = (
					"$(SDKROOT)/Developer/Library/Frameworks",
					"$(inherited)",
					"$(DEVELOPER_FRAMEWORKS_DIR)",
				);
				GCC_PRECOMPILE_PREFIX_HEADER = YES;
				GCC_PREFIX_HEADER = "NewsFeed/NewsFeed-Prefix.pch";
				INFOPLIST_FILE = "NewsFeedTests/NewsFeedTests-Info.plist";
				PRODUCT_NAME = "$(TARGET_NAME)";
				TEST_HOST = "$(BUNDLE_LOADER)";
				WRAPPER_EXTENSION = xctest;
			};
			name = Release;
		};
/* End XCBuildConfiguration section */

/* Begin XCConfigurationList section */
		96FC258618E569630074BA08 /* Build configuration list for PBXProject "NewsFeed" */ = {
			isa = XCConfigurationList;
			buildConfigurations = (
				96FC25BE18E569640074BA08 /* Debug */,
				96FC25BF18E569640074BA08 /* Release */,
			);
			defaultConfigurationIsVisible = 0;
			defaultConfigurationName = Release;
		};
		96FC25C018E569640074BA08 /* Build configuration list for PBXNativeTarget "NewsFeed" */ = {
			isa = XCConfigurationList;
			buildConfigurations = (
				96FC25C118E569640074BA08 /* Debug */,
				96FC25C218E569640074BA08 /* Release */,
			);
			defaultConfigurationIsVisible = 0;
		};
		96FC25C318E569640074BA08 /* Build configuration list for PBXNativeTarget "NewsFeedTests" */ = {
			isa = XCConfigurationList;
			buildConfigurations = (
				96FC25C418E569640074BA08 /* Debug */,
				96FC25C518E569640074BA08 /* Release */,
			);
			defaultConfigurationIsVisible = 0;
		};
/* End XCConfigurationList section */
	};
	rootObject = 96FC258318E569630074BA08 /* Project object */;
}
